
Microsoft Visual Studio Solution File, Format Version 12.00
# Visual Studio Version 17
VisualStudioVersion = 17.7.34221.43
MinimumVisualStudioVersion = 10.0.40219.1
Project("{FAE04EC0-301F-11D3-BF4B-00C04F79EFBC}") = "DataStructures", "DataStructures.csproj", "{97C0CF64-311B-4E51-AA04-8D8B76A967F0}"
EndProject
Global
	GlobalSection(SolutionConfigurationPlatforms) = preSolution
		Debug|Any CPU = Debug|Any CPU
		Release|Any CPU = Release|Any CPU
	EndGlobalSection
	GlobalSection(ProjectConfigurationPlatforms) = postSolution
		{97C0CF64-311B-4E51-AA04-8D8B76A967F0}.Debug|Any CPU.ActiveCfg = Debug|Any CPU
		{97C0CF64-311B-4E51-AA04-8D8B76A967F0}.Debug|Any CPU.Build.0 = Debug|Any CPU
		{97C0CF64-311B-4E51-AA04-8D8B76A967F0}.Release|Any CPU.ActiveCfg = Release|Any CPU
		{97C0CF64-311B-4E51-AA04-8D8B76A967F0}.Release|Any CPU.Build.0 = Release|Any CPU
	EndGlobalSection
	GlobalSection(SolutionProperties) = preSolution
		HideSolutionNode = FALSE
	EndGlobalSection
	GlobalSection(ExtensibilityGlobals) = postSolution
		SolutionGuid = {3C3B9B10-15A0-4F6A-826E-41DED38F44E9}
	EndGlobalSection
EndGlobal
